// !$*UTF8*$!
{
	archiveVersion = 1;
	classes = {
	};
	objectVersion = 77;
	objects = {

/* Begin PBXContainerItemProxy section */
		F49E4AF62E57BFF7004C61EA /* PBXContainerItemProxy */ = {
			isa = PBXContainerItemProxy;
			containerPortal = F49E4AE02E57BFF5004C61EA /* Project object */;
			proxyType = 1;
			remoteGlobalIDString = F49E4AE72E57BFF5004C61EA;
			remoteInfo = PandaApp;
		};
		F49E4B002E57BFF7004C61EA /* PBXContainerItemProxy */ = {
			isa = PBXContainerItemProxy;
			containerPortal = F49E4AE02E57BFF5004C61EA /* Project object */;
			proxyType = 1;
			remoteGlobalIDString = F49E4AE72E57BFF5004C61EA;
			remoteInfo = PandaApp;
		};
/* End PBXContainerItemProxy section */

/* Begin PBXFileReference section */
		F49E4AE82E57BFF5004C61EA /* PandaApp.app */ = {isa = PBXFileReference; explicitFileType = wrapper.application; includeInIndex = 0; path = PandaApp.app; sourceTree = BUILT_PRODUCTS_DIR; };
		F49E4AF52E57BFF7004C61EA /* PandaAppTests.xctest */ = {isa = PBXFileReference; explicitFileType = wrapper.cfbundle; includeInIndex = 0; path = PandaAppTests.xctest; sourceTree = BUILT_PRODUCTS_DIR; };
		F49E4AFF2E57BFF7004C61EA /* PandaAppUITests.xctest */ = {isa = PBXFileReference; explicitFileType = wrapper.cfbundle; includeInIndex = 0; path = PandaAppUITests.xctest; sourceTree = BUILT_PRODUCTS_DIR; };
/* End PBXFileReference section */

/* Begin PBXFileSystemSynchronizedRootGroup section */
		F49E4AEA2E57BFF5004C61EA /* PandaApp */ = {
			isa = PBXFileSystemSynchronizedRootGroup;
			path = PandaApp;
			sourceTree = "<group>";
		};
		F49E4AF82E57BFF7004C61EA /* PandaAppTests */ = {
			isa = PBXFileSystemSynchronizedRootGroup;
			path = PandaAppTests;
			sourceTree = "<group>";
		};
		F49E4B022E57BFF7004C61EA /* PandaAppUITests */ = {
			isa = PBXFileSystemSynchronizedRootGroup;
			path = PandaAppUITests;
			sourceTree = "<group>";
		};
/* End PBXFileSystemSynchronizedRootGroup section */

/* Begin PBXFrameworksBuildPhase section */
		F49E4AE52E57BFF5004C61EA /* Frameworks */ = {
			isa = PBXFrameworksBuildPhase;
			buildActionMask = 2147483647;
			files = (
			);
			runOnlyForDeploymentPostprocessing = 0;
		};
		F49E4AF22E57BFF7004C61EA /* Frameworks */ = {
			isa = PBXFrameworksBuildPhase;
			buildActionMask = 2147483647;
			files = (
			);
			runOnlyForDeploymentPostprocessing = 0;
		};
		F49E4AFC2E57BFF7004C61EA /* Frameworks */ = {
			isa = PBXFrameworksBuildPhase;
			buildActionMask = 2147483647;
			files = (
			);
			runOnlyForDeploymentPostprocessing = 0;
		};
/* End PBXFrameworksBuildPhase section */

/* Begin PBXGroup section */
		F49E4ADF2E57BFF5004C61EA = {
			isa = PBXGroup;
			children = (
				F49E4AEA2E57BFF5004C61EA /* PandaApp */,
				F49E4AF82E57BFF7004C61EA /* PandaAppTests */,
				F49E4B022E57BFF7004C61EA /* PandaAppUITests */,
				F49E4AE92E57BFF5004C61EA /* Products */,
			);
			sourceTree = "<group>";
		};
		F49E4AE92E57BFF5004C61EA /* Products */ = {
			isa = PBXGroup;
			children = (
				F49E4AE82E57BFF5004C61EA /* PandaApp.app */,
				F49E4AF52E57BFF7004C61EA /* PandaAppTests.xctest */,
				F49E4AFF2E57BFF7004C61EA /* PandaAppUITests.xctest */,
			);
			name = Products;
			sourceTree = "<group>";
		};
/* End PBXGroup section */

/* Begin PBXNativeTarget section */
		F49E4AE72E57BFF5004C61EA /* PandaApp */ = {
			isa = PBXNativeTarget;
			buildConfigurationList = F49E4B092E57BFF7004C61EA /* Build configuration list for PBXNativeTarget "PandaApp" */;
			buildPhases = (
				F49E4AE42E57BFF5004C61EA /* Sources */,
				F49E4AE52E57BFF5004C61EA /* Frameworks */,
				F49E4AE62E57BFF5004C61EA /* Resources */,
			);
			buildRules = (
			);
			dependencies = (
			);
			fileSystemSynchronizedGroups = (
				F49E4AEA2E57BFF5004C61EA /* PandaApp */,
			);
			name = PandaApp;
			packageProductDependencies = (
			);
			productName = PandaApp;
			productReference = F49E4AE82E57BFF5004C61EA /* PandaApp.app */;
			productType = "com.apple.product-type.application";
		};
		F49E4AF42E57BFF7004C61EA /* PandaAppTests */ = {
			isa = PBXNativeTarget;
			buildConfigurationList = F49E4B0C2E57BFF7004C61EA /* Build configuration list for PBXNativeTarget "PandaAppTests" */;
			buildPhases = (
				F49E4AF12E57BFF7004C61EA /* Sources */,
				F49E4AF22E57BFF7004C61EA /* Frameworks */,
				F49E4AF32E57BFF7004C61EA /* Resources */,
			);
			buildRules = (
			);
			dependencies = (
				F49E4AF72E57BFF7004C61EA /* PBXTargetDependency */,
			);
			fileSystemSynchronizedGroups = (
				F49E4AF82E57BFF7004C61EA /* PandaAppTests */,
			);
			name = PandaAppTests;
			packageProductDependencies = (
			);
			productName = PandaAppTests;
			productReference = F49E4AF52E57BFF7004C61EA /* PandaAppTests.xctest */;
			productType = "com.apple.product-type.bundle.unit-test";
		};
		F49E4AFE2E57BFF7004C61EA /* PandaAppUITests */ = {
			isa = PBXNativeTarget;
			buildConfigurationList = F49E4B0F2E57BFF7004C61EA /* Build configuration list for PBXNativeTarget "PandaAppUITests" */;
			buildPhases = (
				F49E4AFB2E57BFF7004C61EA /* Sources */,
				F49E4AFC2E57BFF7004C61EA /* Frameworks */,
				F49E4AFD2E57BFF7004C61EA /* Resources */,
			);
			buildRules = (
			);
			dependencies = (
				F49E4B012E57BFF7004C61EA /* PBXTargetDependency */,
			);
			fileSystemSynchronizedGroups = (
				F49E4B022E57BFF7004C61EA /* PandaAppUITests */,
			);
			name = PandaAppUITests;
			packageProductDependencies = (
			);
			productName = PandaAppUITests;
			productReference = F49E4AFF2E57BFF7004C61EA /* PandaAppUITests.xctest */;
			productType = "com.apple.product-type.bundle.ui-testing";
		};
/* End PBXNativeTarget section */

/* Begin PBXProject section */
		F49E4AE02E57BFF5004C61EA /* Project object */ = {
			isa = PBXProject;
			attributes = {
				BuildIndependentTargetsInParallel = 1;
				LastSwiftUpdateCheck = 1640;
				LastUpgradeCheck = 1640;
				TargetAttributes = {
					F49E4AE72E57BFF5004C61EA = {
						CreatedOnToolsVersion = 16.4;
					};
					F49E4AF42E57BFF7004C61EA = {
						CreatedOnToolsVersion = 16.4;
						TestTargetID = F49E4AE72E57BFF5004C61EA;
					};
					F49E4AFE2E57BFF7004C61EA = {
						CreatedOnToolsVersion = 16.4;
						TestTargetID = F49E4AE72E57BFF5004C61EA;
					};
				};
			};
			buildConfigurationList = F49E4AE32E57BFF5004C61EA /* Build configuration list for PBXProject "PandaApp" */;
			developmentRegion = en;
			hasScannedForEncodings = 0;
			knownRegions = (
				en,
				Base,
			);
			mainGroup = F49E4ADF2E57BFF5004C61EA;
			minimizedProjectReferenceProxies = 1;
			preferredProjectObjectVersion = 77;
			productRefGroup = F49E4AE92E57BFF5004C61EA /* Products */;
			projectDirPath = "";
			projectRoot = "";
			targets = (
				F49E4AE72E57BFF5004C61EA /* PandaApp */,
				F49E4AF42E57BFF7004C61EA /* PandaAppTests */,
				F49E4AFE2E57BFF7004C61EA /* PandaAppUITests */,
			);
		};
/* End PBXProject section */

/* Begin PBXResourcesBuildPhase section */
		F49E4AE62E57BFF5004C61EA /* Resources */ = {
			isa = PBXResourcesBuildPhase;
			buildActionMask = 2147483647;
			files = (
			);
			runOnlyForDeploymentPostprocessing = 0;
		};
		F49E4AF32E57BFF7004C61EA /* Resources */ = {
			isa = PBXResourcesBuildPhase;
			buildActionMask = 2147483647;
			files = (
			);
			runOnlyForDeploymentPostprocessing = 0;
		};
		F49E4AFD2E57BFF7004C61EA /* Resources */ = {
			isa = PBXResourcesBuildPhase;
			buildActionMask = 2147483647;
			files = (
			);
			runOnlyForDeploymentPostprocessing = 0;
		};
/* End PBXResourcesBuildPhase section */

/* Begin PBXSourcesBuildPhase section */
		F49E4AE42E57BFF5004C61EA /* Sources */ = {
			isa = PBXSourcesBuildPhase;
			buildActionMask = 2147483647;
			files = (
			);
			runOnlyForDeploymentPostprocessing = 0;
		};
		F49E4AF12E57BFF7004C61EA /* Sources */ = {
			isa = PBXSourcesBuildPhase;
			buildActionMask = 2147483647;
			files = (
			);
			runOnlyForDeploymentPostprocessing = 0;
		};
		F49E4AFB2E57BFF7004C61EA /* Sources */ = {
			isa = PBXSourcesBuildPhase;
			buildActionMask = 2147483647;
			files = (
			);
			runOnlyForDeploymentPostprocessing = 0;
		};
/* End PBXSourcesBuildPhase section */

/* Begin PBXTargetDependency section */
		F49E4AF72E57BFF7004C61EA /* PBXTargetDependency */ = {
			isa = PBXTargetDependency;
			target = F49E4AE72E57BFF5004C61EA /* PandaApp */;
			targetProxy = F49E4AF62E57BFF7004C61EA /* PBXContainerItemProxy */;
		};
		F49E4B012E57BFF7004C61EA /* PBXTargetDependency */ = {
			isa = PBXTargetDependency;
			target = F49E4AE72E57BFF5004C61EA /* PandaApp */;
			targetProxy = F49E4B002E57BFF7004C61EA /* PBXContainerItemProxy */;
		};
/* End PBXTargetDependency section */

/* Begin XCBuildConfiguration section */
		F49E4B072E57BFF7004C61EA /* Debug */ = {
			isa = XCBuildConfiguration;
			buildSettings = {
				ALWAYS_SEARCH_USER_PATHS = NO;
				ASSETCATALOG_COMPILER_GENERATE_SWIFT_ASSET_SYMBOL_EXTENSIONS = YES;
				CLANG_ANALYZER_NONNULL = YES;
				CLANG_ANALYZER_NUMBER_OBJECT_CONVERSION = YES_AGGRESSIVE;
				CLANG_CXX_LANGUAGE_STANDARD = "gnu++20";
				CLANG_ENABLE_MODULES = YES;
				CLANG_ENABLE_OBJC_ARC = YES;
				CLANG_ENABLE_OBJC_WEAK = YES;
				CLANG_WARN_BLOCK_CAPTURE_AUTORELEASING = YES;
				CLANG_WARN_BOOL_CONVERSION = YES;
				CLANG_WARN_COMMA = YES;
				CLANG_WARN_CONSTANT_CONVERSION = YES;
				CLANG_WARN_DEPRECATED_OBJC_IMPLEMENTATIONS = YES;
				CLANG_WARN_DIRECT_OBJC_ISA_USAGE = YES_ERROR;
				CLANG_WARN_DOCUMENTATION_COMMENTS = YES;
				CLANG_WARN_EMPTY_BODY = YES;
				CLANG_WARN_ENUM_CONVERSION = YES;
				CLANG_WARN_INFINITE_RECURSION = YES;
				CLANG_WARN_INT_CONVERSION = YES;
				CLANG_WARN_NON_LITERAL_NULL_CONVERSION = YES;
				CLANG_WARN_OBJC_IMPLICIT_RETAIN_SELF = YES;
				CLANG_WARN_OBJC_LITERAL_CONVERSION = YES;
				CLANG_WARN_OBJC_ROOT_CLASS = YES_ERROR;
				CLANG_WARN_QUOTED_INCLUDE_IN_FRAMEWORK_HEADER = YES;
				CLANG_WARN_RANGE_LOOP_ANALYSIS = YES;
				CLANG_WARN_STRICT_PROTOTYPES = YES;
				CLANG_WARN_SUSPICIOUS_MOVE = YES;
				CLANG_WARN_UNGUARDED_AVAILABILITY = YES_AGGRESSIVE;
				CLANG_WARN_UNREACHABLE_CODE = YES;
				CLANG_WARN__DUPLICATE_METHOD_MATCH = YES;
				COPY_PHASE_STRIP = NO;
				DEBUG_INFORMATION_FORMAT = dwarf;
				ENABLE_STRICT_OBJC_MSGSEND = YES;
				ENABLE_TESTABILITY = YES;
				ENABLE_USER_SCRIPT_SANDBOXING = YES;
				GCC_C_LANGUAGE_STANDARD = gnu17;
				GCC_DYNAMIC_NO_PIC = NO;
				GCC_NO_COMMON_BLOCKS = YES;
				GCC_OPTIMIZATION_LEVEL = 0;
				GCC_PREPROCESSOR_DEFINITIONS = (
					"DEBUG=1",
					"$(inherited)",
				);
				GCC_WARN_64_TO_32_BIT_CONVERSION = YES;
				GCC_WARN_ABOUT_RETURN_TYPE = YES_ERROR;
				GCC_WARN_UNDECLARED_SELECTOR = YES;
				GCC_WARN_UNINITIALIZED_AUTOS = YES_AGGRESSIVE;
				GCC_WARN_UNUSED_FUNCTION = YES;
				GCC_WARN_UNUSED_VARIABLE = YES;
				IPHONEOS_DEPLOYMENT_TARGET = 18.5;
				LOCALIZATION_PREFERS_STRING_CATALOGS = YES;
				MTL_ENABLE_DEBUG_INFO = INCLUDE_SOURCE;
				MTL_FAST_MATH = YES;
				ONLY_ACTIVE_ARCH = YES;
				SDKROOT = iphoneos;
				SWIFT_ACTIVE_COMPILATION_CONDITIONS = "DEBUG $(inherited)";
				SWIFT_OPTIMIZATION_LEVEL = "-Onone";
			};
			name = Debug;
		};
		F49E4B082E57BFF7004C61EA /* Release */ = {
			isa = XCBuildConfiguration;
			buildSettings = {
				ALWAYS_SEARCH_USER_PATHS = NO;
				ASSETCATALOG_COMPILER_GENERATE_SWIFT_ASSET_SYMBOL_EXTENSIONS = YES;
				CLANG_ANALYZER_NONNULL = YES;
				CLANG_ANALYZER_NUMBER_OBJECT_CONVERSION = YES_AGGRESSIVE;
				CLANG_CXX_LANGUAGE_STANDARD = "gnu++20";
				CLANG_ENABLE_MODULES = YES;
				CLANG_ENABLE_OBJC_ARC = YES;
				CLANG_ENABLE_OBJC_WEAK = YES;
				CLANG_WARN_BLOCK_CAPTURE_AUTORELEASING = YES;
				CLANG_WARN_BOOL_CONVERSION = YES;
				CLANG_WARN_COMMA = YES;
				CLANG_WARN_CONSTANT_CONVERSION = YES;
				CLANG_WARN_DEPRECATED_OBJC_IMPLEMENTATIONS = YES;
				CLANG_WARN_DIRECT_OBJC_ISA_USAGE = YES_ERROR;
				CLANG_WARN_DOCUMENTATION_COMMENTS = YES;
				CLANG_WARN_EMPTY_BODY = YES;
				CLANG_WARN_ENUM_CONVERSION = YES;
				CLANG_WARN_INFINITE_RECURSION = YES;
				CLANG_WARN_INT_CONVERSION = YES;
				CLANG_WARN_NON_LITERAL_NULL_CONVERSION = YES;
				CLANG_WARN_OBJC_IMPLICIT_RETAIN_SELF = YES;
				CLANG_WARN_OBJC_LITERAL_CONVERSION = YES;
				CLANG_WARN_OBJC_ROOT_CLASS = YES_ERROR;
				CLANG_WARN_QUOTED_INCLUDE_IN_FRAMEWORK_HEADER = YES;
				CLANG_WARN_RANGE_LOOP_ANALYSIS = YES;
				CLANG_WARN_STRICT_PROTOTYPES = YES;
				CLANG_WARN_SUSPICIOUS_MOVE = YES;
				CLANG_WARN_UNGUARDED_AVAILABILITY = YES_AGGRESSIVE;
				CLANG_WARN_UNREACHABLE_CODE = YES;
				CLANG_WARN__DUPLICATE_METHOD_MATCH = YES;
				COPY_PHASE_STRIP = NO;
				DEBUG_INFORMATION_FORMAT = "dwarf-with-dsym";
				ENABLE_NS_ASSERTIONS = NO;
				ENABLE_STRICT_OBJC_MSGSEND = YES;
				ENABLE_USER_SCRIPT_SANDBOXING = YES;
				GCC_C_LANGUAGE_STANDARD = gnu17;
				GCC_NO_COMMON_BLOCKS = YES;
				GCC_WARN_64_TO_32_BIT_CONVERSION = YES;
				GCC_WARN_ABOUT_RETURN_TYPE = YES_ERROR;
				GCC_WARN_UNDECLARED_SELECTOR = YES;
				GCC_WARN_UNINITIALIZED_AUTOS = YES_AGGRESSIVE;
				GCC_WARN_UNUSED_FUNCTION = YES;
				GCC_WARN_UNUSED_VARIABLE = YES;
				IPHONEOS_DEPLOYMENT_TARGET = 18.5;
				LOCALIZATION_PREFERS_STRING_CATALOGS = YES;
				MTL_ENABLE_DEBUG_INFO = NO;
				MTL_FAST_MATH = YES;
				SDKROOT = iphoneos;
				SWIFT_COMPILATION_MODE = wholemodule;
				VALIDATE_PRODUCT = YES;
			};
			name = Release;
		};
		F49E4B0A2E57BFF7004C61EA /* Debug */ = {
			isa = XCBuildConfiguration;
			buildSettings = {
				ASSETCATALOG_COMPILER_APPICON_NAME = AppIcon;
				ASSETCATALOG_COMPILER_GLOBAL_ACCENT_COLOR_NAME = AccentColor;
				CODE_SIGN_STYLE = Automatic;
				CURRENT_PROJECT_VERSION = 1;
				ENABLE_PREVIEWS = YES;
				GENERATE_INFOPLIST_FILE = NO;
				INFOPLIST_FILE = PandaApp/Info.plist;
				INFOPLIST_KEY_UIApplicationSceneManifest_Generation = YES;
				INFOPLIST_KEY_UIApplicationSupportsIndirectInputEvents = YES;
				INFOPLIST_KEY_UILaunchScreen_Generation = YES;
				INFOPLIST_KEY_UISupportedInterfaceOrientations_iPad = "UIInterfaceOrientationPortrait UIInterfaceOrientationPortraitUpsideDown UIInterfaceOrientationLandscapeLeft UIInterfaceOrientationLandscapeRight";
				INFOPLIST_KEY_UISupportedInterfaceOrientations_iPhone = "UIInterfaceOrientationPortrait UIInterfaceOrientationLandscapeLeft UIInterfaceOrientationLandscapeRight";
				LD_RUNPATH_SEARCH_PATHS = (
					"$(inherited)",
					"@executable_path/Frameworks",
				);
				MARKETING_VERSION = 1.0;
				PRODUCT_BUNDLE_IDENTIFIER = com.luiz.PandaApp;
				PRODUCT_NAME = "$(TARGET_NAME)";
				SWIFT_EMIT_LOC_STRINGS = YES;
				SWIFT_VERSION = 5.0;
				TARGETED_DEVICE_FAMILY = "1,2";
			};
			name = Debug;
		};
		F49E4B0B2E57BFF7004C61EA /* Release */ = {
			isa = XCBuildConfiguration;
			buildSettings = {
				ASSETCATALOG_COMPILER_APPICON_NAME = AppIcon;
				ASSETCATALOG_COMPILER_GLOBAL_ACCENT_COLOR_NAME = AccentColor;
				CODE_SIGN_STYLE = Automatic;
				CURRENT_PROJECT_VERSION = 1;
				ENABLE_PREVIEWS = YES;
				GENERATE_INFOPLIST_FILE = NO;
				INFOPLIST_FILE = PandaApp/Info.plist;
				INFOPLIST_KEY_UIApplicationSceneManifest_Generation = YES;
				INFOPLIST_KEY_UIApplicationSupportsIndirectInputEvents = YES;
				INFOPLIST_KEY_UILaunchScreen_Generation = YES;
				INFOPLIST_KEY_UISupportedInterfaceOrientations_iPad = "UIInterfaceOrientationPortrait UIInterfaceOrientationPortraitUpsideDown UIInterfaceOrientationLandscapeLeft UIInterfaceOrientationLandscapeRight";
				INFOPLIST_KEY_UISupportedInterfaceOrientations_iPhone = "UIInterfaceOrientationPortrait UIInterfaceOrientationLandscapeLeft UIInterfaceOrientationLandscapeRight";
				LD_RUNPATH_SEARCH_PATHS = (
					"$(inherited)",
					"@executable_path/Frameworks",
				);
				MARKETING_VERSION = 1.0;
				PRODUCT_BUNDLE_IDENTIFIER = com.luiz.PandaApp;
				PRODUCT_NAME = "$(TARGET_NAME)";
				SWIFT_EMIT_LOC_STRINGS = YES;
				SWIFT_VERSION = 5.0;
				TARGETED_DEVICE_FAMILY = "1,2";
			};
			name = Release;
		};
		F49E4B0D2E57BFF7004C61EA /* Debug */ = {
			isa = XCBuildConfiguration;
			buildSettings = {
				BUNDLE_LOADER = "$(TEST_HOST)";
				CODE_SIGN_STYLE = Automatic;
				CURRENT_PROJECT_VERSION = 1;
				GENERATE_INFOPLIST_FILE = YES;
				IPHONEOS_DEPLOYMENT_TARGET = 18.5;
				MARKETING_VERSION = 1.0;
				PRODUCT_BUNDLE_IDENTIFIER = com.luiz.PandaAppTests;
				PRODUCT_NAME = "$(TARGET_NAME)";
				SWIFT_EMIT_LOC_STRINGS = NO;
				SWIFT_VERSION = 5.0;
				TARGETED_DEVICE_FAMILY = "1,2";
				TEST_HOST = "$(BUILT_PRODUCTS_DIR)/PandaApp.app/$(BUNDLE_EXECUTABLE_FOLDER_PATH)/PandaApp";
			};
			name = Debug;
		};
		F49E4B0E2E57BFF7004C61EA /* Release */ = {
			isa = XCBuildConfiguration;
			buildSettings = {
				BUNDLE_LOADER = "$(TEST_HOST)";
				CODE_SIGN_STYLE = Automatic;
				CURRENT_PROJECT_VERSION = 1;
				GENERATE_INFOPLIST_FILE = YES;
				IPHONEOS_DEPLOYMENT_TARGET = 18.5;
				MARKETING_VERSION = 1.0;
				PRODUCT_BUNDLE_IDENTIFIER = com.luiz.PandaAppTests;
				PRODUCT_NAME = "$(TARGET_NAME)";
				SWIFT_EMIT_LOC_STRINGS = NO;
				SWIFT_VERSION = 5.0;
				TARGETED_DEVICE_FAMILY = "1,2";
				TEST_HOST = "$(BUILT_PRODUCTS_DIR)/PandaApp.app/$(BUNDLE_EXECUTABLE_FOLDER_PATH)/PandaApp";
			};
			name = Release;
		};
		F49E4B102E57BFF7004C61EA /* Debug */ = {
			isa = XCBuildConfiguration;
			buildSettings = {
				CODE_SIGN_STYLE = Automatic;
				CURRENT_PROJECT_VERSION = 1;
				GENERATE_INFOPLIST_FILE = YES;
				MARKETING_VERSION = 1.0;
				PRODUCT_BUNDLE_IDENTIFIER = com.luiz.PandaAppUITests;
				PRODUCT_NAME = "$(TARGET_NAME)";
				SWIFT_EMIT_LOC_STRINGS = NO;
				SWIFT_VERSION = 5.0;
				TARGETED_DEVICE_FAMILY = "1,2";
				TEST_TARGET_NAME = PandaApp;
			};
			name = Debug;
		};
		F49E4B112E57BFF7004C61EA /* Release */ = {
			isa = XCBuildConfiguration;
			buildSettings = {
				CODE_SIGN_STYLE = Automatic;
				CURRENT_PROJECT_VERSION = 1;
				GENERATE_INFOPLIST_FILE = YES;
				MARKETING_VERSION = 1.0;
				PRODUCT_BUNDLE_IDENTIFIER = com.luiz.PandaAppUITests;
				PRODUCT_NAME = "$(TARGET_NAME)";
				SWIFT_EMIT_LOC_STRINGS = NO;
				SWIFT_VERSION = 5.0;
				TARGETED_DEVICE_FAMILY = "1,2";
				TEST_TARGET_NAME = PandaApp;
			};
			name = Release;
		};
/* End XCBuildConfiguration section */

/* Begin XCConfigurationList section */
		F49E4AE32E57BFF5004C61EA /* Build configuration list for PBXProject "PandaApp" */ = {
			isa = XCConfigurationList;
			buildConfigurations = (
				F49E4B072E57BFF7004C61EA /* Debug */,
				F49E4B082E57BFF7004C61EA /* Release */,
			);
			defaultConfigurationIsVisible = 0;
			defaultConfigurationName = Release;
		};
		F49E4B092E57BFF7004C61EA /* Build configuration list for PBXNativeTarget "PandaApp" */ = {
			isa = XCConfigurationList;
			buildConfigurations = (
				F49E4B0A2E57BFF7004C61EA /* Debug */,
				F49E4B0B2E57BFF7004C61EA /* Release */,
			);
			defaultConfigurationIsVisible = 0;
			defaultConfigurationName = Release;
		};
		F49E4B0C2E57BFF7004C61EA /* Build configuration list for PBXNativeTarget "PandaAppTests" */ = {
			isa = XCConfigurationList;
			buildConfigurations = (
				F49E4B0D2E57BFF7004C61EA /* Debug */,
				F49E4B0E2E57BFF7004C61EA /* Release */,
			);
			defaultConfigurationIsVisible = 0;
			defaultConfigurationName = Release;
		};
		F49E4B0F2E57BFF7004C61EA /* Build configuration list for PBXNativeTarget "PandaAppUITests" */ = {
			isa = XCConfigurationList;
			buildConfigurations = (
				F49E4B102E57BFF7004C61EA /* Debug */,
				F49E4B112E57BFF7004C61EA /* Release */,
			);
			defaultConfigurationIsVisible = 0;
			defaultConfigurationName = Release;
		};
/* End XCConfigurationList section */
	};
	rootObject = F49E4AE02E57BFF5004C61EA /* Project object */;
}
